# This file is automatically @generated by Poetry 1.8.3 and should not be changed by hand.

[[package]]
name = "colorama"
version = "0.4.6"
description = "Cross-platform colored terminal text."
optional = false
python-versions = "!=3.0.*,!=3.1.*,!=3.2.*,!=3.3.*,!=3.4.*,!=3.5.*,!=3.6.*,>=2.7"
files = [
    {file = "colorama-0.4.6-py2.py3-none-any.whl", hash = "sha256:4f1d9991f5acc0ca119f9d443620b77f9d6b33703e51011c16baf57afb285fc6"},
    {file = "colorama-0.4.6.tar.gz", hash = "sha256:08695f5cb7ed6e0531a20572697297273c47b8cae5a63ffc6d6ed5c201be6e44"},
]

[[package]]
name = "cython"
version = "3.0.10"
description = "The Cython compiler for writing C extensions in the Python language."
optional = false
python-versions = "!=3.0.*,!=3.1.*,!=3.2.*,!=3.3.*,>=2.7"
files = [
    {file = "Cython-3.0.10-cp310-cp310-macosx_10_9_x86_64.whl", hash = "sha256:e876272548d73583e90babda94c1299537006cad7a34e515a06c51b41f8657aa"},
    {file = "Cython-3.0.10-cp310-cp310-manylinux_2_17_aarch64.manylinux2014_aarch64.whl", hash = "sha256:adc377aa33c3309191e617bf675fdbb51ca727acb9dc1aa23fc698d8121f7e23"},
    {file = "Cython-3.0.10-cp310-cp310-manylinux_2_17_x86_64.manylinux2014_x86_64.whl", hash = "sha256:401aba1869a57aba2922ccb656a6320447e55ace42709b504c2f8e8b166f46e1"},
    {file = "Cython-3.0.10-cp310-cp310-manylinux_2_5_i686.manylinux1_i686.manylinux_2_17_i686.manylinux2014_i686.whl", hash = "sha256:541fbe725d6534a90b93f8c577eb70924d664b227a4631b90a6e0506d1469591"},
    {file = "Cython-3.0.10-cp310-cp310-musllinux_1_1_aarch64.whl", hash = "sha256:86998b01f6a6d48398df8467292c7637e57f7e3a2ca68655367f13f66fed7734"},
    {file = "Cython-3.0.10-cp310-cp310-musllinux_1_1_x86_64.whl", hash = "sha256:d092c0ddba7e9e530a5c5be4ac06db8360258acc27675d1fc86294a5dc8994c5"},
    {file = "Cython-3.0.10-cp310-cp310-win32.whl", hash = "sha256:3cffb666e649dba23810732497442fb339ee67ba4e0be1f0579991e83fcc2436"},
    {file = "Cython-3.0.10-cp310-cp310-win_amd64.whl", hash = "sha256:9ea31184c7b3a728ef1f81fccb161d8948c05aa86c79f63b74fb6f3ddec860ec"},
    {file = "Cython-3.0.10-cp311-cp311-macosx_10_9_x86_64.whl", hash = "sha256:051069638abfb076900b0c2bcb6facf545655b3f429e80dd14365192074af5a4"},
    {file = "Cython-3.0.10-cp311-cp311-manylinux_2_17_aarch64.manylinux2014_aarch64.whl", hash = "sha256:712760879600907189c7d0d346851525545484e13cd8b787e94bfd293da8ccf0"},
    {file = "Cython-3.0.10-cp311-cp311-manylinux_2_17_x86_64.manylinux2014_x86_64.whl", hash = "sha256:38d40fa1324ac47c04483d151f5e092406a147eac88a18aec789cf01c089c3f2"},
    {file = "Cython-3.0.10-cp311-cp311-manylinux_2_5_i686.manylinux1_i686.manylinux_2_17_i686.manylinux2014_i686.whl", hash = "sha256:5bd49a3a9fdff65446a3e1c2bfc0ec85c6ce4c3cad27cd4ad7ba150a62b7fb59"},
    {file = "Cython-3.0.10-cp311-cp311-musllinux_1_1_aarch64.whl", hash = "sha256:e8df79b596633b8295eaa48b1157d796775c2bb078f32267d32f3001b687f2fd"},
    {file = "Cython-3.0.10-cp311-cp311-musllinux_1_1_x86_64.whl", hash = "sha256:bcc9795990e525c192bc5c0775e441d7d56d7a7d02210451e9e13c0448dba51b"},
    {file = "Cython-3.0.10-cp311-cp311-win32.whl", hash = "sha256:09f2000041db482cad3bfce94e1fa3a4c82b0e57390a164c02566cbbda8c4f12"},
    {file = "Cython-3.0.10-cp311-cp311-win_amd64.whl", hash = "sha256:3919a55ec9b6c7db6f68a004c21c05ed540c40dbe459ced5d801d5a1f326a053"},
    {file = "Cython-3.0.10-cp312-cp312-macosx_10_9_x86_64.whl", hash = "sha256:8f2864ab5fcd27a346f0b50f901ebeb8f60b25a60a575ccfd982e7f3e9674914"},
    {file = "Cython-3.0.10-cp312-cp312-manylinux_2_17_aarch64.manylinux2014_aarch64.whl", hash = "sha256:407840c56385b9c085826fe300213e0e76ba15d1d47daf4b58569078ecb94446"},
    {file = "Cython-3.0.10-cp312-cp312-manylinux_2_17_x86_64.manylinux2014_x86_64.whl", hash = "sha256:5a036d00caa73550a3a976432ef21c1e3fa12637e1616aab32caded35331ae96"},
    {file = "Cython-3.0.10-cp312-cp312-manylinux_2_5_i686.manylinux1_i686.manylinux_2_17_i686.manylinux2014_i686.whl", hash = "sha256:9cc6a0e7e23a96dec3f3c9d39690d4281beabd5297855140d0d30855f950275e"},
    {file = "Cython-3.0.10-cp312-cp312-musllinux_1_1_aarch64.whl", hash = "sha256:a5e14a8c6a8157d2b0cdc2e8e3444905d20a0e78e19d2a097e89fb8b04b51f6b"},
    {file = "Cython-3.0.10-cp312-cp312-musllinux_1_1_x86_64.whl", hash = "sha256:f8a2b8fa0fd8358bccb5f3304be563c4750aae175100463d212d5ea0ec74cbe0"},
    {file = "Cython-3.0.10-cp312-cp312-win32.whl", hash = "sha256:2d29e617fd23cf4b83afe8f93f2966566c9f565918ad1e86a4502fe825cc0a79"},
    {file = "Cython-3.0.10-cp312-cp312-win_amd64.whl", hash = "sha256:6c5af936940a38c300977b81598d9c0901158f220a58c177820e17e1774f1cf1"},
    {file = "Cython-3.0.10-cp36-cp36m-macosx_10_9_x86_64.whl", hash = "sha256:5f465443917d5c0f69825fca3b52b64c74ac3de0143b1fff6db8ba5b48c9fb4a"},
    {file = "Cython-3.0.10-cp36-cp36m-manylinux_2_17_aarch64.manylinux2014_aarch64.whl", hash = "sha256:4fadb84193c25641973666e583df8df4e27c52cdc05ddce7c6f6510d690ba34a"},
    {file = "Cython-3.0.10-cp36-cp36m-manylinux_2_17_x86_64.manylinux2014_x86_64.whl", hash = "sha256:9fa9e7786083b6aa61594c16979d621b62e61fcd9c2edd4761641b95c7fb34b2"},
    {file = "Cython-3.0.10-cp36-cp36m-manylinux_2_5_i686.manylinux1_i686.manylinux_2_17_i686.manylinux2014_i686.whl", hash = "sha256:f4780d0f98ce28191c4d841c4358b5d5e79d96520650910cd59904123821c52d"},
    {file = "Cython-3.0.10-cp36-cp36m-musllinux_1_1_aarch64.whl", hash = "sha256:32fbad02d1189be75eb96456d9c73f5548078e5338d8fa153ecb0115b6ee279f"},
    {file = "Cython-3.0.10-cp36-cp36m-musllinux_1_1_x86_64.whl", hash = "sha256:90e2f514fc753b55245351305a399463103ec18666150bb1c36779b9862388e9"},
    {file = "Cython-3.0.10-cp36-cp36m-win32.whl", hash = "sha256:a9c976e9ec429539a4367cb4b24d15a1e46b925976f4341143f49f5f161171f5"},
    {file = "Cython-3.0.10-cp36-cp36m-win_amd64.whl", hash = "sha256:a9bb402674788a7f4061aeef8057632ec440123e74ed0fb425308a59afdfa10e"},
    {file = "Cython-3.0.10-cp37-cp37m-macosx_10_9_x86_64.whl", hash = "sha256:206e803598010ecc3813db8748ed685f7beeca6c413f982df9f8a505fce56563"},
    {file = "Cython-3.0.10-cp37-cp37m-manylinux_2_17_aarch64.manylinux2014_aarch64.whl", hash = "sha256:15b6d397f4ee5ad54e373589522af37935a32863f1b23fa8c6922adf833e28e2"},
    {file = "Cython-3.0.10-cp37-cp37m-manylinux_2_17_x86_64.manylinux2014_x86_64.whl", hash = "sha256:a181144c2f893ed8e6a994d43d0b96300bc99873f21e3b7334ca26c61c37b680"},
    {file = "Cython-3.0.10-cp37-cp37m-manylinux_2_5_i686.manylinux1_i686.manylinux_2_17_i686.manylinux2014_i686.whl", hash = "sha256:b74b700d6a793113d03fb54b63bdbadba6365379424bac7c0470605672769260"},
    {file = "Cython-3.0.10-cp37-cp37m-musllinux_1_1_aarch64.whl", hash = "sha256:076e9fd4e0ca33c5fa00a7479180dbfb62f17fe928e2909f82da814536e96d2b"},
    {file = "Cython-3.0.10-cp37-cp37m-musllinux_1_1_x86_64.whl", hash = "sha256:269f06e6961e8591d56e30b46e1a51b6ccb42cab04c29fa3b30d3e8723485fb4"},
    {file = "Cython-3.0.10-cp37-cp37m-win32.whl", hash = "sha256:d4e83a8ceff7af60064da4ccfce0ac82372544dd5392f1b350c34f1b04d0fae6"},
    {file = "Cython-3.0.10-cp37-cp37m-win_amd64.whl", hash = "sha256:40fac59c3a7fbcd9c25aea64c342c890a5e2270ce64a1525e840807800167799"},
    {file = "Cython-3.0.10-cp38-cp38-macosx_10_9_x86_64.whl", hash = "sha256:f43a58bf2434870d2fc42ac2e9ff8138c9e00c6251468de279d93fa279e9ba3b"},
    {file = "Cython-3.0.10-cp38-cp38-manylinux_2_17_aarch64.manylinux2014_aarch64.whl", hash = "sha256:0e9a885ec63d3955a08cefc4eec39fefa9fe14989c6e5e2382bd4aeb6bdb9bc3"},
    {file = "Cython-3.0.10-cp38-cp38-manylinux_2_17_x86_64.manylinux2014_x86_64.whl", hash = "sha256:acfbe0fff364d54906058fc61f2393f38cd7fa07d344d80923937b87e339adcf"},
    {file = "Cython-3.0.10-cp38-cp38-manylinux_2_5_i686.manylinux1_i686.manylinux_2_17_i686.manylinux2014_i686.whl", hash = "sha256:8adcde00a8a88fab27509b558cd8c2959ab0c70c65d3814cfea8c68b83fa6dcd"},
    {file = "Cython-3.0.10-cp38-cp38-musllinux_1_1_aarch64.whl", hash = "sha256:2c9c1e3e78909488f3b16fabae02308423fa6369ed96ab1e250807d344cfffd7"},
    {file = "Cython-3.0.10-cp38-cp38-musllinux_1_1_x86_64.whl", hash = "sha256:fc6e0faf5b57523b073f0cdefadcaef3a51235d519a0594865925cadb3aeadf0"},
    {file = "Cython-3.0.10-cp38-cp38-win32.whl", hash = "sha256:35f6ede7c74024ed1982832ae61c9fad7cf60cc3f5b8c6a63bb34e38bc291936"},
    {file = "Cython-3.0.10-cp38-cp38-win_amd64.whl", hash = "sha256:950c0c7b770d2a7cec74fb6f5ccc321d0b51d151f48c075c0d0db635a60ba1b5"},
    {file = "Cython-3.0.10-cp39-cp39-macosx_10_9_x86_64.whl", hash = "sha256:077b61ee789e48700e25d4a16daa4258b8e65167136e457174df400cf9b4feab"},
    {file = "Cython-3.0.10-cp39-cp39-manylinux_2_17_aarch64.manylinux2014_aarch64.whl", hash = "sha256:64f1f8bba9d8f37c0cffc934792b4ac7c42d0891077127c11deebe9fa0a0f7e4"},
    {file = "Cython-3.0.10-cp39-cp39-manylinux_2_17_x86_64.manylinux2014_x86_64.whl", hash = "sha256:651a15a8534ebfb9b58cb0b87c269c70984b6f9c88bfe65e4f635f0e3f07dfcd"},
    {file = "Cython-3.0.10-cp39-cp39-manylinux_2_5_i686.manylinux1_i686.manylinux_2_17_i686.manylinux2014_i686.whl", hash = "sha256:d10fc9aa82e5e53a0b7fd118f9771199cddac8feb4a6d8350b7d4109085aa775"},
    {file = "Cython-3.0.10-cp39-cp39-musllinux_1_1_aarch64.whl", hash = "sha256:4f610964ab252a83e573a427e28b103e2f1dd3c23bee54f32319f9e73c3c5499"},
    {file = "Cython-3.0.10-cp39-cp39-musllinux_1_1_x86_64.whl", hash = "sha256:8c9c4c4f3ab8f8c02817b0e16e8fa7b8cc880f76e9b63fe9c010e60c1a6c2b13"},
    {file = "Cython-3.0.10-cp39-cp39-win32.whl", hash = "sha256:0bac3ccdd4e03924028220c62ae3529e17efa8ca7e9df9330de95de02f582b26"},
    {file = "Cython-3.0.10-cp39-cp39-win_amd64.whl", hash = "sha256:81f356c1c8c0885b8435bfc468025f545c5d764aa9c75ab662616dd1193c331e"},
    {file = "Cython-3.0.10-py2.py3-none-any.whl", hash = "sha256:fcbb679c0b43514d591577fd0d20021c55c240ca9ccafbdb82d3fb95e5edfee2"},
    {file = "Cython-3.0.10.tar.gz", hash = "sha256:dcc96739331fb854dcf503f94607576cfe8488066c61ca50dfd55836f132de99"},
]

[[package]]
name = "exceptiongroup"
version = "1.2.2"
description = "Backport of PEP 654 (exception groups)"
optional = false
python-versions = ">=3.7"
files = [
    {file = "exceptiongroup-1.2.2-py3-none-any.whl", hash = "sha256:3111b9d131c238bec2f8f516e123e14ba243563fb135d3fe885990585aa7795b"},
    {file = "exceptiongroup-1.2.2.tar.gz", hash = "sha256:47c2edf7c6738fafb49fd34290706d1a1a2f4d1c6df275526b62cbb4aa5393cc"},
]

[package.extras]
test = ["pytest (>=6)"]

[[package]]
name = "iniconfig"
version = "2.0.0"
description = "brain-dead simple config-ini parsing"
optional = false
python-versions = ">=3.7"
files = [
    {file = "iniconfig-2.0.0-py3-none-any.whl", hash = "sha256:b6a85871a79d2e3b22d2d1b94ac2824226a63c6b741c88f7ae975f18b6778374"},
    {file = "iniconfig-2.0.0.tar.gz", hash = "sha256:2d91e135bf72d31a410b17c16da610a82cb55f6b0477d1a902134b24a455b8b3"},
]

[[package]]
name = "packaging"
version = "24.1"
description = "Core utilities for Python packages"
optional = false
python-versions = ">=3.8"
files = [
    {file = "packaging-24.1-py3-none-any.whl", hash = "sha256:5b8f2217dbdbd2f7f384c41c628544e6d52f2d0f53c6d0c3ea61aa5d1d7ff124"},
    {file = "packaging-24.1.tar.gz", hash = "sha256:026ed72c8ed3fcce5bf8950572258698927fd1dbda10a5e981cdf0ac37f4f002"},
]

[[package]]
name = "pluggy"
version = "1.5.0"
description = "plugin and hook calling mechanisms for python"
optional = false
python-versions = ">=3.8"
files = [
    {file = "pluggy-1.5.0-py3-none-any.whl", hash = "sha256:44e1ad92c8ca002de6377e165f3e0f1be63266ab4d554740532335b9d75ea669"},
    {file = "pluggy-1.5.0.tar.gz", hash = "sha256:2cffa88e94fdc978c4c574f15f9e59b7f4201d439195c3715ca9e2486f1d0cf1"},
]

[package.extras]
dev = ["pre-commit", "tox"]
testing = ["pytest", "pytest-benchmark"]

[[package]]
name = "py-cpuinfo"
version = "9.0.0"
description = "Get CPU info with pure Python"
optional = false
python-versions = "*"
files = [
    {file = "py-cpuinfo-9.0.0.tar.gz", hash = "sha256:3cdbbf3fac90dc6f118bfd64384f309edeadd902d7c8fb17f02ffa1fc3f49690"},
    {file = "py_cpuinfo-9.0.0-py3-none-any.whl", hash = "sha256:859625bc251f64e21f077d099d4162689c762b5d6a4c3c97553d56241c9674d5"},
]

[[package]]
name = "pytest"
version = "8.3.1"
description = "pytest: simple powerful testing with Python"
optional = false
python-versions = ">=3.8"
files = [
    {file = "pytest-8.3.1-py3-none-any.whl", hash = "sha256:e9600ccf4f563976e2c99fa02c7624ab938296551f280835ee6516df8bc4ae8c"},
    {file = "pytest-8.3.1.tar.gz", hash = "sha256:7e8e5c5abd6e93cb1cc151f23e57adc31fcf8cfd2a3ff2da63e23f732de35db6"},
]

[package.dependencies]
colorama = {version = "*", markers = "sys_platform == \"win32\""}
exceptiongroup = {version = ">=1.0.0rc8", markers = "python_version < \"3.11\""}
iniconfig = "*"
packaging = "*"
pluggy = ">=1.5,<2"
tomli = {version = ">=1", markers = "python_version < \"3.11\""}

[package.extras]
dev = ["argcomplete", "attrs (>=19.2)", "hypothesis (>=3.56)", "mock", "pygments (>=2.7.2)", "requests", "setuptools", "xmlschema"]

[[package]]
name = "pytest-benchmark"
version = "4.0.0"
description = "A ``pytest`` fixture for benchmarking code. It will group the tests into rounds that are calibrated to the chosen timer."
optional = false
python-versions = ">=3.7"
files = [
    {file = "pytest-benchmark-4.0.0.tar.gz", hash = "sha256:fb0785b83efe599a6a956361c0691ae1dbb5318018561af10f3e915caa0048d1"},
    {file = "pytest_benchmark-4.0.0-py3-none-any.whl", hash = "sha256:fdb7db64e31c8b277dff9850d2a2556d8b60bcb0ea6524e36e28ffd7c87f71d6"},
]

[package.dependencies]
py-cpuinfo = "*"
pytest = ">=3.8"

[package.extras]
aspect = ["aspectlib"]
elasticsearch = ["elasticsearch"]
histogram = ["pygal", "pygaljs"]

[[package]]
name = "tomli"
version = "2.0.1"
description = "A lil' TOML parser"
optional = false
python-versions = ">=3.7"
files = [
    {file = "tomli-2.0.1-py3-none-any.whl", hash = "sha256:939de3e7a6161af0c887ef91b7d41a53e7c5a1ca976325f429cb46ea9bc30ecc"},
    {file = "tomli-2.0.1.tar.gz", hash = "sha256:de526c12914f0c550d15924c62d72abc48d6fe7364aa87328337a31007fe8a4f"},
]

[metadata]
lock-version = "2.0"
python-versions = ">=3.8"
content-hash = "6572f3841a6fbe7a71136c94d0157aa941b15b11614c78c43c0e00158b029ea7"
